
Microsoft Visual Studio Solution File, Format Version 11.00
# Visual Studio 2010
Project("{FAE04EC0-301F-11D3-BF4B-00C04F79EFBC}") = "HelloMongo", "HelloMongo\HelloMongo.csproj", "{25C1232A-84C8-4FFA-B6A0-BEC5102613E8}"
EndProject
Project("{FAE04EC0-301F-11D3-BF4B-00C04F79EFBC}") = "HelloWorld.Service", "HelloWorld.Service\HelloWorld.Service.csproj", "{DC8D162B-41D0-44C4-A056-989C91FEC37B}"
EndProject
Project("{FAE04EC0-301F-11D3-BF4B-00C04F79EFBC}") = "HelloBson", "HelloBson\HelloBson.csproj", "{C82CAA40-13E8-47B9-9E68-EEB52063FF4B}"
EndProject
Project("{E24C65DC-7377-472B-9ABA-BC803B73C61A}") = "localhost", "http://localhost:3762", "{F019B346-5D08-4686-9196-DB2974970BC1}"
	ProjectSection(WebsiteProperties) = preProject
		UseIISExpress = "true"
		TargetFrameworkMoniker = ".NETFramework,Version%3Dv4.0"
		ProjectReferences = "{DC8D162B-41D0-44C4-A056-989C91FEC37B}|HelloWorld.Service.dll;"
		Debug.AspNetCompiler.VirtualPath = "/Website"
		Debug.AspNetCompiler.PhysicalPath = "Website\"
		Debug.AspNetCompiler.TargetPath = "PrecompiledWeb\Website\"
		Debug.AspNetCompiler.Updateable = "true"
		Debug.AspNetCompiler.ForceOverwrite = "true"
		Debug.AspNetCompiler.FixedNames = "false"
		Debug.AspNetCompiler.Debug = "True"
		Release.AspNetCompiler.VirtualPath = "/Website"
		Release.AspNetCompiler.PhysicalPath = "Website\"
		Release.AspNetCompiler.TargetPath = "PrecompiledWeb\Website\"
		Release.AspNetCompiler.Updateable = "true"
		Release.AspNetCompiler.ForceOverwrite = "true"
		Release.AspNetCompiler.FixedNames = "false"
		Release.AspNetCompiler.Debug = "False"
		SlnRelativePath = "Website\"
	EndProjectSection
EndProject
Global
	GlobalSection(SolutionConfigurationPlatforms) = preSolution
		Debug|Any CPU = Debug|Any CPU
		Debug|Mixed Platforms = Debug|Mixed Platforms
		Debug|x86 = Debug|x86
		Release|Any CPU = Release|Any CPU
		Release|Mixed Platforms = Release|Mixed Platforms
		Release|x86 = Release|x86
	EndGlobalSection
	GlobalSection(ProjectConfigurationPlatforms) = postSolution
		{25C1232A-84C8-4FFA-B6A0-BEC5102613E8}.Debug|Any CPU.ActiveCfg = Debug|x86
		{25C1232A-84C8-4FFA-B6A0-BEC5102613E8}.Debug|Mixed Platforms.ActiveCfg = Debug|x86
		{25C1232A-84C8-4FFA-B6A0-BEC5102613E8}.Debug|Mixed Platforms.Build.0 = Debug|x86
		{25C1232A-84C8-4FFA-B6A0-BEC5102613E8}.Debug|x86.ActiveCfg = Debug|x86
		{25C1232A-84C8-4FFA-B6A0-BEC5102613E8}.Debug|x86.Build.0 = Debug|x86
		{25C1232A-84C8-4FFA-B6A0-BEC5102613E8}.Release|Any CPU.ActiveCfg = Release|x86
		{25C1232A-84C8-4FFA-B6A0-BEC5102613E8}.Release|Mixed Platforms.ActiveCfg = Release|x86
		{25C1232A-84C8-4FFA-B6A0-BEC5102613E8}.Release|Mixed Platforms.Build.0 = Release|x86
		{25C1232A-84C8-4FFA-B6A0-BEC5102613E8}.Release|x86.ActiveCfg = Release|x86
		{25C1232A-84C8-4FFA-B6A0-BEC5102613E8}.Release|x86.Build.0 = Release|x86
		{DC8D162B-41D0-44C4-A056-989C91FEC37B}.Debug|Any CPU.ActiveCfg = Debug|Any CPU
		{DC8D162B-41D0-44C4-A056-989C91FEC37B}.Debug|Any CPU.Build.0 = Debug|Any CPU
		{DC8D162B-41D0-44C4-A056-989C91FEC37B}.Debug|Mixed Platforms.ActiveCfg = Debug|Any CPU
		{DC8D162B-41D0-44C4-A056-989C91FEC37B}.Debug|Mixed Platforms.Build.0 = Debug|Any CPU
		{DC8D162B-41D0-44C4-A056-989C91FEC37B}.Debug|x86.ActiveCfg = Debug|Any CPU
		{DC8D162B-41D0-44C4-A056-989C91FEC37B}.Release|Any CPU.ActiveCfg = Release|Any CPU
		{DC8D162B-41D0-44C4-A056-989C91FEC37B}.Release|Any CPU.Build.0 = Release|Any CPU
		{DC8D162B-41D0-44C4-A056-989C91FEC37B}.Release|Mixed Platforms.ActiveCfg = Release|Any CPU
		{DC8D162B-41D0-44C4-A056-989C91FEC37B}.Release|Mixed Platforms.Build.0 = Release|Any CPU
		{DC8D162B-41D0-44C4-A056-989C91FEC37B}.Release|x86.ActiveCfg = Release|Any CPU
		{C82CAA40-13E8-47B9-9E68-EEB52063FF4B}.Debug|Any CPU.ActiveCfg = Debug|x86
		{C82CAA40-13E8-47B9-9E68-EEB52063FF4B}.Debug|Mixed Platforms.ActiveCfg = Debug|x86
		{C82CAA40-13E8-47B9-9E68-EEB52063FF4B}.Debug|Mixed Platforms.Build.0 = Debug|x86
		{C82CAA40-13E8-47B9-9E68-EEB52063FF4B}.Debug|x86.ActiveCfg = Debug|x86
		{C82CAA40-13E8-47B9-9E68-EEB52063FF4B}.Debug|x86.Build.0 = Debug|x86
		{C82CAA40-13E8-47B9-9E68-EEB52063FF4B}.Release|Any CPU.ActiveCfg = Release|x86
		{C82CAA40-13E8-47B9-9E68-EEB52063FF4B}.Release|Mixed Platforms.ActiveCfg = Release|x86
		{C82CAA40-13E8-47B9-9E68-EEB52063FF4B}.Release|Mixed Platforms.Build.0 = Release|x86
		{C82CAA40-13E8-47B9-9E68-EEB52063FF4B}.Release|x86.ActiveCfg = Release|x86
		{C82CAA40-13E8-47B9-9E68-EEB52063FF4B}.Release|x86.Build.0 = Release|x86
		{F019B346-5D08-4686-9196-DB2974970BC1}.Debug|Any CPU.ActiveCfg = Debug|Any CPU
		{F019B346-5D08-4686-9196-DB2974970BC1}.Debug|Any CPU.Build.0 = Debug|Any CPU
		{F019B346-5D08-4686-9196-DB2974970BC1}.Debug|Mixed Platforms.ActiveCfg = Debug|Any CPU
		{F019B346-5D08-4686-9196-DB2974970BC1}.Debug|Mixed Platforms.Build.0 = Debug|Any CPU
		{F019B346-5D08-4686-9196-DB2974970BC1}.Debug|x86.ActiveCfg = Debug|Any CPU
		{F019B346-5D08-4686-9196-DB2974970BC1}.Release|Any CPU.ActiveCfg = Debug|Any CPU
		{F019B346-5D08-4686-9196-DB2974970BC1}.Release|Any CPU.Build.0 = Debug|Any CPU
		{F019B346-5D08-4686-9196-DB2974970BC1}.Release|Mixed Platforms.ActiveCfg = Debug|Any CPU
		{F019B346-5D08-4686-9196-DB2974970BC1}.Release|Mixed Platforms.Build.0 = Debug|Any CPU
		{F019B346-5D08-4686-9196-DB2974970BC1}.Release|x86.ActiveCfg = Debug|Any CPU
	EndGlobalSection
	GlobalSection(SolutionProperties) = preSolution
		HideSolutionNode = FALSE
	EndGlobalSection
	GlobalSection(MonoDevelopProperties) = preSolution
		StartupItem = HelloMongo\HelloMongo.csproj
	EndGlobalSection
EndGlobal
